
Microsoft Visual Studio Solution File, Format Version 12.00
# Visual Studio Version 16
VisualStudioVersion = 16.0.30907.101
MinimumVisualStudioVersion = 10.0.40219.1
Project("{FAE04EC0-301F-11D3-BF4B-00C04F79EFBC}") = "td3", "td3\td3.csproj", "{AFD3C302-B520-4854-A469-8DAF8BCA0C68}"
EndProject
Global
	GlobalSection(SolutionConfigurationPlatforms) = preSolution
		Debug|Any CPU = Debug|Any CPU
		Release|Any CPU = Release|Any CPU
	EndGlobalSection
	GlobalSection(ProjectConfigurationPlatforms) = postSolution
		{AFD3C302-B520-4854-A469-8DAF8BCA0C68}.Debug|Any CPU.ActiveCfg = Debug|Any CPU
		{AFD3C302-B520-4854-A469-8DAF8BCA0C68}.Debug|Any CPU.Build.0 = Debug|Any CPU
		{AFD3C302-B520-4854-A469-8DAF8BCA0C68}.Release|Any CPU.ActiveCfg = Release|Any CPU
		{AFD3C302-B520-4854-A469-8DAF8BCA0C68}.Release|Any CPU.Build.0 = Release|Any CPU
	EndGlobalSection
	GlobalSection(SolutionProperties) = preSolution
		HideSolutionNode = FALSE
	EndGlobalSection
	GlobalSection(ExtensibilityGlobals) = postSolution
		SolutionGuid = {0EE3FCD9-E391-426A-AB21-4DF826587F17}
	EndGlobalSection
EndGlobal
