
Microsoft Visual Studio Solution File, Format Version 12.00
# Visual Studio Version 16
VisualStudioVersion = 16.0.31112.23
MinimumVisualStudioVersion = 10.0.40219.1
Project("{FAE04EC0-301F-11D3-BF4B-00C04F79EFBC}") = "MathLibrary", "MathLibrary\MathLibrary.csproj", "{22F2CD41-6CF2-45DA-B859-C9B2458B5CA9}"
EndProject
Project("{FAE04EC0-301F-11D3-BF4B-00C04F79EFBC}") = "test", "test\test.csproj", "{ADE7F549-FBBD-4FCD-BA6B-20C6F14774F3}"
EndProject
Project("{FAE04EC0-301F-11D3-BF4B-00C04F79EFBC}") = "mathConsole", "mathConsole\mathConsole.csproj", "{1536C8B7-9651-4B99-A0A3-49951632CE5B}"
	ProjectSection(ProjectDependencies) = postProject
		{22F2CD41-6CF2-45DA-B859-C9B2458B5CA9} = {22F2CD41-6CF2-45DA-B859-C9B2458B5CA9}
	EndProjectSection
EndProject
Global
	GlobalSection(SolutionConfigurationPlatforms) = preSolution
		Debug|Any CPU = Debug|Any CPU
		Release|Any CPU = Release|Any CPU
	EndGlobalSection
	GlobalSection(ProjectConfigurationPlatforms) = postSolution
		{22F2CD41-6CF2-45DA-B859-C9B2458B5CA9}.Debug|Any CPU.ActiveCfg = Debug|Any CPU
		{22F2CD41-6CF2-45DA-B859-C9B2458B5CA9}.Debug|Any CPU.Build.0 = Debug|Any CPU
		{22F2CD41-6CF2-45DA-B859-C9B2458B5CA9}.Release|Any CPU.ActiveCfg = Release|Any CPU
		{22F2CD41-6CF2-45DA-B859-C9B2458B5CA9}.Release|Any CPU.Build.0 = Release|Any CPU
		{ADE7F549-FBBD-4FCD-BA6B-20C6F14774F3}.Debug|Any CPU.ActiveCfg = Debug|Any CPU
		{ADE7F549-FBBD-4FCD-BA6B-20C6F14774F3}.Debug|Any CPU.Build.0 = Debug|Any CPU
		{ADE7F549-FBBD-4FCD-BA6B-20C6F14774F3}.Release|Any CPU.ActiveCfg = Release|Any CPU
		{ADE7F549-FBBD-4FCD-BA6B-20C6F14774F3}.Release|Any CPU.Build.0 = Release|Any CPU
		{1536C8B7-9651-4B99-A0A3-49951632CE5B}.Debug|Any CPU.ActiveCfg = Debug|Any CPU
		{1536C8B7-9651-4B99-A0A3-49951632CE5B}.Debug|Any CPU.Build.0 = Debug|Any CPU
		{1536C8B7-9651-4B99-A0A3-49951632CE5B}.Release|Any CPU.ActiveCfg = Release|Any CPU
		{1536C8B7-9651-4B99-A0A3-49951632CE5B}.Release|Any CPU.Build.0 = Release|Any CPU
	EndGlobalSection
	GlobalSection(SolutionProperties) = preSolution
		HideSolutionNode = FALSE
	EndGlobalSection
	GlobalSection(ExtensibilityGlobals) = postSolution
		SolutionGuid = {5C308C54-9FF7-4AEC-83D1-2354D1856DF8}
	EndGlobalSection
EndGlobal
